// !$*UTF8*$!
{
	archiveVersion = 1;
	classes = {
	};
	objectVersion = 56;
	objects = {

/* Begin PBXBuildFile section */
		B7F3A1D2E4C6089B00000020 /* GeulApp.swift in Sources */ = {isa = PBXBuildFile; fileRef = B7F3A1D2E4C6089B00000010 /* GeulApp.swift */; };
		B7F3A1D2E4C6089B00000021 /* ContentView.swift in Sources */ = {isa = PBXBuildFile; fileRef = B7F3A1D2E4C6089B00000011 /* ContentView.swift */; };
		B7F3A1D2E4C6089B00000022 /* Assets.xcassets in Resources */ = {isa = PBXBuildFile; fileRef = B7F3A1D2E4C6089B00000012 /* Assets.xcassets */; };
		B7F3A1D2E4C6089B00000024 /* MarkdownRenderer.swift in Sources */ = {isa = PBXBuildFile; fileRef = B7F3A1D2E4C6089B00000014 /* MarkdownRenderer.swift */; };
		B7F3A1D2E4C6089B00000025 /* HTMLTemplate.swift in Sources */ = {isa = PBXBuildFile; fileRef = B7F3A1D2E4C6089B00000015 /* HTMLTemplate.swift */; };
		B7F3A1D2E4C6089B00000026 /* MarkdownWebView.swift in Sources */ = {isa = PBXBuildFile; fileRef = B7F3A1D2E4C6089B00000016 /* MarkdownWebView.swift */; };
		B7F3A1D2E4C6089B00000027 /* FileWatcher.swift in Sources */ = {isa = PBXBuildFile; fileRef = B7F3A1D2E4C6089B00000018 /* FileWatcher.swift */; };
		B7F3A1D2E4C6089B00000029 /* Theme.swift in Sources */ = {isa = PBXBuildFile; fileRef = B7F3A1D2E4C6089B00000019 /* Theme.swift */; };
		B7F3A1D2E4C6089B0000002A /* ThemeStore.swift in Sources */ = {isa = PBXBuildFile; fileRef = B7F3A1D2E4C6089B0000001A /* ThemeStore.swift */; };
		B7F3A1D2E4C6089B0000002B /* SettingsView.swift in Sources */ = {isa = PBXBuildFile; fileRef = B7F3A1D2E4C6089B0000001B /* SettingsView.swift */; };
		B7F3A1D2E4C6089B0000002C /* ThemeSanitizer.swift in Sources */ = {isa = PBXBuildFile; fileRef = B7F3A1D2E4C6089B0000001C /* ThemeSanitizer.swift */; };
		B7F3A1D2E4C6089B00000028 /* Resources in Resources */ = {isa = PBXBuildFile; fileRef = B7F3A1D2E4C6089B00000017 /* Resources */; };
		B7F3A1D2E4C6089B00000080 /* HTMLTemplate+BaseCSS.swift in Sources */ = {isa = PBXBuildFile; fileRef = B7F3A1D2E4C6089B00000070 /* HTMLTemplate+BaseCSS.swift */; };
		B7F3A1D2E4C6089B00000081 /* HTMLTemplate+Loading.swift in Sources */ = {isa = PBXBuildFile; fileRef = B7F3A1D2E4C6089B00000071 /* HTMLTemplate+Loading.swift */; };
		B7F3A1D2E4C6089B00000082 /* HTMLTemplate+HighlightOverride.swift in Sources */ = {isa = PBXBuildFile; fileRef = B7F3A1D2E4C6089B00000072 /* HTMLTemplate+HighlightOverride.swift */; };
		B7F3A1D2E4C6089B00000083 /* HTMLTemplate+MermaidInit.swift in Sources */ = {isa = PBXBuildFile; fileRef = B7F3A1D2E4C6089B00000073 /* HTMLTemplate+MermaidInit.swift */; };
		B7F3A1D2E4C6089B00000092 /* IgnoreList.swift in Sources */ = {isa = PBXBuildFile; fileRef = B7F3A1D2E4C6089B00000091 /* IgnoreList.swift */; };
		B7F3A1D2E4C6089B00000094 /* FileScanner.swift in Sources */ = {isa = PBXBuildFile; fileRef = B7F3A1D2E4C6089B00000093 /* FileScanner.swift */; };
		B7F3A1D2E4C6089B00000096 /* FuzzyMatcher.swift in Sources */ = {isa = PBXBuildFile; fileRef = B7F3A1D2E4C6089B00000095 /* FuzzyMatcher.swift */; };
		C4A8D1F2E5B7123C00000502 /* Terminal.swift in Sources */ = {isa = PBXBuildFile; fileRef = C4A8D1F2E5B7123C00000501 /* Terminal.swift */; };
		D5B9E2F3F6C8234D00000602 /* InputReader.swift in Sources */ = {isa = PBXBuildFile; fileRef = D5B9E2F3F6C8234D00000601 /* InputReader.swift */; };
		E6CAF3B4A7D9345E00000702 /* TUIController.swift in Sources */ = {isa = PBXBuildFile; fileRef = E6CAF3B4A7D9345E00000701 /* TUIController.swift */; };
		F7DBC4C5B8EA456F00000802 /* CLIMain.swift in Sources */ = {isa = PBXBuildFile; fileRef = F7DBC4C5B8EA456F00000801 /* CLIMain.swift */; };
/* End PBXBuildFile section */

/* Begin PBXFileReference section */
		B7F3A1D2E4C6089B00000010 /* GeulApp.swift */ = {isa = PBXFileReference; lastKnownFileType = sourcecode.swift; path = GeulApp.swift; sourceTree = "<group>"; };
		B7F3A1D2E4C6089B00000011 /* ContentView.swift */ = {isa = PBXFileReference; lastKnownFileType = sourcecode.swift; path = ContentView.swift; sourceTree = "<group>"; };
		B7F3A1D2E4C6089B00000012 /* Assets.xcassets */ = {isa = PBXFileReference; lastKnownFileType = folder.assetcatalog; path = Assets.xcassets; sourceTree = "<group>"; };
		B7F3A1D2E4C6089B00000013 /* geul.app */ = {isa = PBXFileReference; explicitFileType = wrapper.application; includeInIndex = 0; path = geul.app; sourceTree = BUILT_PRODUCTS_DIR; };
		B7F3A1D2E4C6089B00000014 /* MarkdownRenderer.swift */ = {isa = PBXFileReference; lastKnownFileType = sourcecode.swift; path = MarkdownRenderer.swift; sourceTree = "<group>"; };
		B7F3A1D2E4C6089B00000015 /* HTMLTemplate.swift */ = {isa = PBXFileReference; lastKnownFileType = sourcecode.swift; path = HTMLTemplate.swift; sourceTree = "<group>"; };
		B7F3A1D2E4C6089B00000016 /* MarkdownWebView.swift */ = {isa = PBXFileReference; lastKnownFileType = sourcecode.swift; path = MarkdownWebView.swift; sourceTree = "<group>"; };
		B7F3A1D2E4C6089B00000017 /* Resources */ = {isa = PBXFileReference; lastKnownFileType = folder; path = Resources; sourceTree = "<group>"; };
		B7F3A1D2E4C6089B00000018 /* FileWatcher.swift */ = {isa = PBXFileReference; lastKnownFileType = sourcecode.swift; path = FileWatcher.swift; sourceTree = "<group>"; };
		B7F3A1D2E4C6089B00000019 /* Theme.swift */ = {isa = PBXFileReference; lastKnownFileType = sourcecode.swift; path = Theme.swift; sourceTree = "<group>"; };
		B7F3A1D2E4C6089B0000001A /* ThemeStore.swift */ = {isa = PBXFileReference; lastKnownFileType = sourcecode.swift; path = ThemeStore.swift; sourceTree = "<group>"; };
		B7F3A1D2E4C6089B0000001B /* SettingsView.swift */ = {isa = PBXFileReference; lastKnownFileType = sourcecode.swift; path = SettingsView.swift; sourceTree = "<group>"; };
		B7F3A1D2E4C6089B0000001C /* ThemeSanitizer.swift */ = {isa = PBXFileReference; lastKnownFileType = sourcecode.swift; path = ThemeSanitizer.swift; sourceTree = "<group>"; };
		B7F3A1D2E4C6089B00000070 /* HTMLTemplate+BaseCSS.swift */ = {isa = PBXFileReference; lastKnownFileType = sourcecode.swift; path = "HTMLTemplate+BaseCSS.swift"; sourceTree = "<group>"; };
		B7F3A1D2E4C6089B00000071 /* HTMLTemplate+Loading.swift */ = {isa = PBXFileReference; lastKnownFileType = sourcecode.swift; path = "HTMLTemplate+Loading.swift"; sourceTree = "<group>"; };
		B7F3A1D2E4C6089B00000072 /* HTMLTemplate+HighlightOverride.swift */ = {isa = PBXFileReference; lastKnownFileType = sourcecode.swift; path = "HTMLTemplate+HighlightOverride.swift"; sourceTree = "<group>"; };
		B7F3A1D2E4C6089B00000073 /* HTMLTemplate+MermaidInit.swift */ = {isa = PBXFileReference; lastKnownFileType = sourcecode.swift; path = "HTMLTemplate+MermaidInit.swift"; sourceTree = "<group>"; };
		B7F3A1D2E4C6089B00000091 /* IgnoreList.swift */ = {isa = PBXFileReference; lastKnownFileType = sourcecode.swift; path = IgnoreList.swift; sourceTree = "<group>"; };
		B7F3A1D2E4C6089B00000093 /* FileScanner.swift */ = {isa = PBXFileReference; lastKnownFileType = sourcecode.swift; path = FileScanner.swift; sourceTree = "<group>"; };
		B7F3A1D2E4C6089B00000095 /* FuzzyMatcher.swift */ = {isa = PBXFileReference; lastKnownFileType = sourcecode.swift; path = FuzzyMatcher.swift; sourceTree = "<group>"; };
		C4A8D1F2E5B7123C00000501 /* Terminal.swift */ = {isa = PBXFileReference; lastKnownFileType = sourcecode.swift; path = Terminal.swift; sourceTree = "<group>"; };
		D5B9E2F3F6C8234D00000601 /* InputReader.swift */ = {isa = PBXFileReference; lastKnownFileType = sourcecode.swift; path = InputReader.swift; sourceTree = "<group>"; };
		E6CAF3B4A7D9345E00000701 /* TUIController.swift */ = {isa = PBXFileReference; lastKnownFileType = sourcecode.swift; path = TUIController.swift; sourceTree = "<group>"; };
		F7DBC4C5B8EA456F00000801 /* CLIMain.swift */ = {isa = PBXFileReference; lastKnownFileType = sourcecode.swift; path = CLIMain.swift; sourceTree = "<group>"; };
/* End PBXFileReference section */

/* Begin PBXFrameworksBuildPhase section */
		B7F3A1D2E4C6089B00000031 /* Frameworks */ = {
			isa = PBXFrameworksBuildPhase;
			buildActionMask = 2147483647;
			files = (
			);
			runOnlyForDeploymentPostprocessing = 0;
		};
/* End PBXFrameworksBuildPhase section */

/* Begin PBXGroup section */
		B7F3A1D2E4C6089B00000002 /* root */ = {
			isa = PBXGroup;
			children = (
				B7F3A1D2E4C6089B00000003 /* geul */,
				B7F3A1D2E4C6089B00000004 /* Products */,
			);
			sourceTree = "<group>";
		};
		B7F3A1D2E4C6089B00000003 /* geul */ = {
			isa = PBXGroup;
			children = (
				F7DBC4C5B8EA456F00000801 /* CLIMain.swift */,
				B7F3A1D2E4C6089B00000010 /* GeulApp.swift */,
				B7F3A1D2E4C6089B00000011 /* ContentView.swift */,
				B7F3A1D2E4C6089B00000014 /* MarkdownRenderer.swift */,
				B7F3A1D2E4C6089B00000015 /* HTMLTemplate.swift */,
				B7F3A1D2E4C6089B00000070 /* HTMLTemplate+BaseCSS.swift */,
				B7F3A1D2E4C6089B00000071 /* HTMLTemplate+Loading.swift */,
				B7F3A1D2E4C6089B00000072 /* HTMLTemplate+HighlightOverride.swift */,
				B7F3A1D2E4C6089B00000073 /* HTMLTemplate+MermaidInit.swift */,
				B7F3A1D2E4C6089B00000016 /* MarkdownWebView.swift */,
				B7F3A1D2E4C6089B00000018 /* FileWatcher.swift */,
				B7F3A1D2E4C6089B00000019 /* Theme.swift */,
				B7F3A1D2E4C6089B0000001A /* ThemeStore.swift */,
				B7F3A1D2E4C6089B0000001B /* SettingsView.swift */,
				B7F3A1D2E4C6089B0000001C /* ThemeSanitizer.swift */,
				B7F3A1D2E4C6089B00000090 /* TUI */,
				B7F3A1D2E4C6089B00000017 /* Resources */,
				B7F3A1D2E4C6089B00000012 /* Assets.xcassets */,
			);
			path = geul;
			sourceTree = "<group>";
		};
		B7F3A1D2E4C6089B00000090 /* TUI */ = {
			isa = PBXGroup;
			children = (
				B7F3A1D2E4C6089B00000091 /* IgnoreList.swift */,
				B7F3A1D2E4C6089B00000093 /* FileScanner.swift */,
				B7F3A1D2E4C6089B00000095 /* FuzzyMatcher.swift */,
				C4A8D1F2E5B7123C00000501 /* Terminal.swift */,
				D5B9E2F3F6C8234D00000601 /* InputReader.swift */,
				E6CAF3B4A7D9345E00000701 /* TUIController.swift */,
			);
			name = TUI;
			path = TUI;
			sourceTree = "<group>";
		};
		B7F3A1D2E4C6089B00000004 /* Products */ = {
			isa = PBXGroup;
			children = (
				B7F3A1D2E4C6089B00000013 /* geul.app */,
			);
			name = Products;
			sourceTree = "<group>";
		};
/* End PBXGroup section */

/* Begin PBXNativeTarget section */
		B7F3A1D2E4C6089B00000040 /* geul */ = {
			isa = PBXNativeTarget;
			buildConfigurationList = B7F3A1D2E4C6089B00000061 /* Build configuration list for PBXNativeTarget "geul" */;
			buildPhases = (
				B7F3A1D2E4C6089B00000030 /* Sources */,
				B7F3A1D2E4C6089B00000031 /* Frameworks */,
				B7F3A1D2E4C6089B00000032 /* Resources */,
			);
			buildRules = (
			);
			dependencies = (
			);
			name = geul;
			productName = geul;
			productReference = B7F3A1D2E4C6089B00000013 /* geul.app */;
			productType = "com.apple.product-type.application";
		};
/* End PBXNativeTarget section */

/* Begin PBXProject section */
		B7F3A1D2E4C6089B00000001 /* Project object */ = {
			isa = PBXProject;
			attributes = {
				BuildIndependentTargetsInParallel = 1;
				LastSwiftUpdateCheck = 1540;
				LastUpgradeCheck = 1540;
				TargetAttributes = {
					B7F3A1D2E4C6089B00000040 = {
						CreatedOnToolsVersion = 15.4;
					};
				};
			};
			buildConfigurationList = B7F3A1D2E4C6089B00000060 /* Build configuration list for PBXProject "geul" */;
			compatibilityVersion = "Xcode 14.0";
			developmentRegion = en;
			hasScannedForEncodings = 0;
			knownRegions = (
				en,
				Base,
			);
			mainGroup = B7F3A1D2E4C6089B00000002;
			productRefGroup = B7F3A1D2E4C6089B00000004 /* Products */;
			projectDirPath = "";
			projectRoot = "";
			targets = (
				B7F3A1D2E4C6089B00000040 /* geul */,
			);
		};
/* End PBXProject section */

/* Begin PBXResourcesBuildPhase section */
		B7F3A1D2E4C6089B00000032 /* Resources */ = {
			isa = PBXResourcesBuildPhase;
			buildActionMask = 2147483647;
			files = (
				B7F3A1D2E4C6089B00000022 /* Assets.xcassets in Resources */,
				B7F3A1D2E4C6089B00000028 /* Resources in Resources */,
			);
			runOnlyForDeploymentPostprocessing = 0;
		};
/* End PBXResourcesBuildPhase section */

/* Begin PBXSourcesBuildPhase section */
		B7F3A1D2E4C6089B00000030 /* Sources */ = {
			isa = PBXSourcesBuildPhase;
			buildActionMask = 2147483647;
			files = (
				B7F3A1D2E4C6089B00000020 /* GeulApp.swift in Sources */,
				B7F3A1D2E4C6089B00000021 /* ContentView.swift in Sources */,
				B7F3A1D2E4C6089B00000024 /* MarkdownRenderer.swift in Sources */,
				B7F3A1D2E4C6089B00000025 /* HTMLTemplate.swift in Sources */,
				B7F3A1D2E4C6089B00000080 /* HTMLTemplate+BaseCSS.swift in Sources */,
				B7F3A1D2E4C6089B00000081 /* HTMLTemplate+Loading.swift in Sources */,
				B7F3A1D2E4C6089B00000082 /* HTMLTemplate+HighlightOverride.swift in Sources */,
				B7F3A1D2E4C6089B00000083 /* HTMLTemplate+MermaidInit.swift in Sources */,
				B7F3A1D2E4C6089B00000026 /* MarkdownWebView.swift in Sources */,
				B7F3A1D2E4C6089B00000027 /* FileWatcher.swift in Sources */,
				B7F3A1D2E4C6089B00000029 /* Theme.swift in Sources */,
				B7F3A1D2E4C6089B0000002A /* ThemeStore.swift in Sources */,
				B7F3A1D2E4C6089B0000002B /* SettingsView.swift in Sources */,
				B7F3A1D2E4C6089B0000002C /* ThemeSanitizer.swift in Sources */,
				B7F3A1D2E4C6089B00000092 /* IgnoreList.swift in Sources */,
				B7F3A1D2E4C6089B00000094 /* FileScanner.swift in Sources */,
				B7F3A1D2E4C6089B00000096 /* FuzzyMatcher.swift in Sources */,
				C4A8D1F2E5B7123C00000502 /* Terminal.swift in Sources */,
				D5B9E2F3F6C8234D00000602 /* InputReader.swift in Sources */,
				E6CAF3B4A7D9345E00000702 /* TUIController.swift in Sources */,
				F7DBC4C5B8EA456F00000802 /* CLIMain.swift in Sources */,
			);
			runOnlyForDeploymentPostprocessing = 0;
		};
/* End PBXSourcesBuildPhase section */

/* Begin XCBuildConfiguration section */
		B7F3A1D2E4C6089B00000050 /* Debug */ = {
			isa = XCBuildConfiguration;
			buildSettings = {
				ALWAYS_SEARCH_USER_PATHS = NO;
				ASSETCATALOG_COMPILER_GENERATE_SWIFT_ASSET_SYMBOL_EXTENSIONS = YES;
				CLANG_ANALYZER_NONNULL = YES;
				CLANG_ANALYZER_NUMBER_OBJECT_CONVERSION = YES_AGGRESSIVE;
				CLANG_CXX_LANGUAGE_STANDARD = "gnu++20";
				CLANG_ENABLE_MODULES = YES;
				CLANG_ENABLE_OBJC_ARC = YES;
				CLANG_ENABLE_OBJC_WEAK = YES;
				CLANG_WARN_BLOCK_CAPTURE_AUTORELEASING = YES;
				CLANG_WARN_BOOL_CONVERSION = YES;
				CLANG_WARN_COMMA = YES;
				CLANG_WARN_CONSTANT_CONVERSION = YES;
				CLANG_WARN_DEPRECATED_OBJC_IMPLEMENTATIONS = YES;
				CLANG_WARN_DIRECT_OBJC_ISA_USAGE = YES_ERROR;
				CLANG_WARN_DOCUMENTATION_COMMENTS = YES;
				CLANG_WARN_EMPTY_BODY = YES;
				CLANG_WARN_ENUM_CONVERSION = YES;
				CLANG_WARN_INFINITE_RECURSION = YES;
				CLANG_WARN_INT_CONVERSION = YES;
				CLANG_WARN_NON_LITERAL_NULL_CONVERSION = YES;
				CLANG_WARN_OBJC_IMPLICIT_RETAIN_SELF = YES;
				CLANG_WARN_OBJC_LITERAL_CONVERSION = YES;
				CLANG_WARN_OBJC_ROOT_CLASS = YES_ERROR;
				CLANG_WARN_QUOTED_INCLUDE_IN_FRAMEWORK_HEADER = YES;
				CLANG_WARN_RANGE_LOOP_ANALYSIS = YES;
				CLANG_WARN_STRICT_PROTOTYPES = YES;
				CLANG_WARN_SUSPICIOUS_MOVE = YES;
				CLANG_WARN_UNGUARDED_AVAILABILITY = YES_AGGRESSIVE;
				CLANG_WARN_UNREACHABLE_CODE = YES;
				CLANG_WARN__DUPLICATE_METHOD_MATCH = YES;
				COPY_PHASE_STRIP = NO;
				DEBUG_INFORMATION_FORMAT = dwarf;
				ENABLE_STRICT_OBJC_MSGSEND = YES;
				ENABLE_TESTABILITY = YES;
				ENABLE_USER_SCRIPT_SANDBOXING = YES;
				GCC_C_LANGUAGE_STANDARD = gnu17;
				GCC_DYNAMIC_NO_PIC = NO;
				GCC_NO_COMMON_BLOCKS = YES;
				GCC_OPTIMIZATION_LEVEL = 0;
				GCC_PREPROCESSOR_DEFINITIONS = (
					"DEBUG=1",
					"$(inherited)",
				);
				GCC_WARN_64_TO_32_BIT_CONVERSION = YES;
				GCC_WARN_ABOUT_RETURN_TYPE = YES_ERROR;
				GCC_WARN_UNDECLARED_SELECTOR = YES;
				GCC_WARN_UNINITIALIZED_AUTOS = YES_AGGRESSIVE;
				GCC_WARN_UNUSED_FUNCTION = YES;
				GCC_WARN_UNUSED_VARIABLE = YES;
				MACOSX_DEPLOYMENT_TARGET = 14.0;
				MTL_ENABLE_DEBUG_INFO = INCLUDE_SOURCE;
				MTL_FAST_MATH = YES;
				ONLY_ACTIVE_ARCH = YES;
				SDKROOT = macosx;
				SWIFT_ACTIVE_COMPILATION_CONDITIONS = "$(inherited) DEBUG";
				SWIFT_OPTIMIZATION_LEVEL = "-Onone";
			};
			name = Debug;
		};
		B7F3A1D2E4C6089B00000051 /* Release */ = {
			isa = XCBuildConfiguration;
			buildSettings = {
				ALWAYS_SEARCH_USER_PATHS = NO;
				ASSETCATALOG_COMPILER_GENERATE_SWIFT_ASSET_SYMBOL_EXTENSIONS = YES;
				CLANG_ANALYZER_NONNULL = YES;
				CLANG_ANALYZER_NUMBER_OBJECT_CONVERSION = YES_AGGRESSIVE;
				CLANG_CXX_LANGUAGE_STANDARD = "gnu++20";
				CLANG_ENABLE_MODULES = YES;
				CLANG_ENABLE_OBJC_ARC = YES;
				CLANG_ENABLE_OBJC_WEAK = YES;
				CLANG_WARN_BLOCK_CAPTURE_AUTORELEASING = YES;
				CLANG_WARN_BOOL_CONVERSION = YES;
				CLANG_WARN_COMMA = YES;
				CLANG_WARN_CONSTANT_CONVERSION = YES;
				CLANG_WARN_DEPRECATED_OBJC_IMPLEMENTATIONS = YES;
				CLANG_WARN_DIRECT_OBJC_ISA_USAGE = YES_ERROR;
				CLANG_WARN_DOCUMENTATION_COMMENTS = YES;
				CLANG_WARN_EMPTY_BODY = YES;
				CLANG_WARN_ENUM_CONVERSION = YES;
				CLANG_WARN_INFINITE_RECURSION = YES;
				CLANG_WARN_INT_CONVERSION = YES;
				CLANG_WARN_NON_LITERAL_NULL_CONVERSION = YES;
				CLANG_WARN_OBJC_IMPLICIT_RETAIN_SELF = YES;
				CLANG_WARN_OBJC_LITERAL_CONVERSION = YES;
				CLANG_WARN_OBJC_ROOT_CLASS = YES_ERROR;
				CLANG_WARN_QUOTED_INCLUDE_IN_FRAMEWORK_HEADER = YES;
				CLANG_WARN_RANGE_LOOP_ANALYSIS = YES;
				CLANG_WARN_STRICT_PROTOTYPES = YES;
				CLANG_WARN_SUSPICIOUS_MOVE = YES;
				CLANG_WARN_UNGUARDED_AVAILABILITY = YES_AGGRESSIVE;
				CLANG_WARN_UNREACHABLE_CODE = YES;
				CLANG_WARN__DUPLICATE_METHOD_MATCH = YES;
				COPY_PHASE_STRIP = NO;
				DEBUG_INFORMATION_FORMAT = "dwarf-with-dsym";
				ENABLE_NS_ASSERTIONS = NO;
				ENABLE_STRICT_OBJC_MSGSEND = YES;
				ENABLE_USER_SCRIPT_SANDBOXING = YES;
				GCC_C_LANGUAGE_STANDARD = gnu17;
				GCC_NO_COMMON_BLOCKS = YES;
				GCC_WARN_64_TO_32_BIT_CONVERSION = YES;
				GCC_WARN_ABOUT_RETURN_TYPE = YES_ERROR;
				GCC_WARN_UNDECLARED_SELECTOR = YES;
				GCC_WARN_UNINITIALIZED_AUTOS = YES_AGGRESSIVE;
				GCC_WARN_UNUSED_FUNCTION = YES;
				GCC_WARN_UNUSED_VARIABLE = YES;
				MACOSX_DEPLOYMENT_TARGET = 14.0;
				MTL_ENABLE_DEBUG_INFO = NO;
				MTL_FAST_MATH = YES;
				SDKROOT = macosx;
				SWIFT_COMPILATION_MODE = wholemodule;
			};
			name = Release;
		};
		B7F3A1D2E4C6089B00000052 /* Debug */ = {
			isa = XCBuildConfiguration;
			buildSettings = {
				ASSETCATALOG_COMPILER_APPICON_NAME = AppIcon;
				ASSETCATALOG_COMPILER_GLOBAL_ACCENT_COLOR_NAME = AccentColor;
				CODE_SIGN_ENTITLEMENTS = geul/geul.entitlements;
				CODE_SIGN_STYLE = Automatic;
				COMBINE_HIDPI_IMAGES = YES;
				CURRENT_PROJECT_VERSION = 1;
				ENABLE_HARDENED_RUNTIME = NO;
				ENABLE_PREVIEWS = YES;
				GENERATE_INFOPLIST_FILE = YES;
				INFOPLIST_FILE = geul/Info.plist;
				INFOPLIST_KEY_NSHumanReadableCopyright = "";
				LD_RUNPATH_SEARCH_PATHS = (
					"$(inherited)",
					"@executable_path/../Frameworks",
				);
				MARKETING_VERSION = 1.0;
				PRODUCT_BUNDLE_IDENTIFIER = com.geul.app;
				PRODUCT_NAME = "$(TARGET_NAME)";
				SWIFT_EMIT_LOC_STRINGS = YES;
				SWIFT_VERSION = 5.0;
			};
			name = Debug;
		};
		B7F3A1D2E4C6089B00000053 /* Release */ = {
			isa = XCBuildConfiguration;
			buildSettings = {
				ASSETCATALOG_COMPILER_APPICON_NAME = AppIcon;
				ASSETCATALOG_COMPILER_GLOBAL_ACCENT_COLOR_NAME = AccentColor;
				CODE_SIGN_ENTITLEMENTS = geul/geul.entitlements;
				CODE_SIGN_STYLE = Automatic;
				COMBINE_HIDPI_IMAGES = YES;
				CURRENT_PROJECT_VERSION = 1;
				ENABLE_HARDENED_RUNTIME = YES;
				ENABLE_PREVIEWS = YES;
				GENERATE_INFOPLIST_FILE = YES;
				INFOPLIST_FILE = geul/Info.plist;
				INFOPLIST_KEY_NSHumanReadableCopyright = "";
				LD_RUNPATH_SEARCH_PATHS = (
					"$(inherited)",
					"@executable_path/../Frameworks",
				);
				MARKETING_VERSION = 1.0;
				PRODUCT_BUNDLE_IDENTIFIER = com.geul.app;
				PRODUCT_NAME = "$(TARGET_NAME)";
				SWIFT_EMIT_LOC_STRINGS = YES;
				SWIFT_VERSION = 5.0;
			};
			name = Release;
		};
/* End XCBuildConfiguration section */

/* Begin XCConfigurationList section */
		B7F3A1D2E4C6089B00000060 /* Build configuration list for PBXProject "geul" */ = {
			isa = XCConfigurationList;
			buildConfigurations = (
				B7F3A1D2E4C6089B00000050 /* Debug */,
				B7F3A1D2E4C6089B00000051 /* Release */,
			);
			defaultConfigurationIsVisible = 0;
			defaultConfigurationName = Release;
		};
		B7F3A1D2E4C6089B00000061 /* Build configuration list for PBXNativeTarget "geul" */ = {
			isa = XCConfigurationList;
			buildConfigurations = (
				B7F3A1D2E4C6089B00000052 /* Debug */,
				B7F3A1D2E4C6089B00000053 /* Release */,
			);
			defaultConfigurationIsVisible = 0;
			defaultConfigurationName = Release;
		};
/* End XCConfigurationList section */
	};
	rootObject = B7F3A1D2E4C6089B00000001 /* Project object */;
}
